// !$*UTF8*$!
{
	archiveVersion = 1;
	classes = {
	};
	objectVersion = 48;
	objects = {

/* Begin PBXBuildFile section */
		6675F2832068DDF600F8EA07 /* AppDelegate.swift in Sources */ = {isa = PBXBuildFile; fileRef = 6675F2822068DDF600F8EA07 /* AppDelegate.swift */; };
		6675F2852068DDF600F8EA07 /* ViewController.swift in Sources */ = {isa = PBXBuildFile; fileRef = 6675F2842068DDF600F8EA07 /* ViewController.swift */; };
		6675F2882068DDF600F8EA07 /* Main.storyboard in Resources */ = {isa = PBXBuildFile; fileRef = 6675F2862068DDF600F8EA07 /* Main.storyboard */; };
		6675F28A2068DDF600F8EA07 /* Assets.xcassets in Resources */ = {isa = PBXBuildFile; fileRef = 6675F2892068DDF600F8EA07 /* Assets.xcassets */; };
		6675F28D2068DDF600F8EA07 /* LaunchScreen.storyboard in Resources */ = {isa = PBXBuildFile; fileRef = 6675F28B2068DDF600F8EA07 /* LaunchScreen.storyboard */; };
		6675F2982068DDF600F8EA07 /* SimpleStateMachineTests.swift in Sources */ = {isa = PBXBuildFile; fileRef = 6675F2972068DDF600F8EA07 /* SimpleStateMachineTests.swift */; };
		6675F2A32068DDF600F8EA07 /* SimpleStateMachineUITests.swift in Sources */ = {isa = PBXBuildFile; fileRef = 6675F2A22068DDF600F8EA07 /* SimpleStateMachineUITests.swift */; };
/* End PBXBuildFile section */

/* Begin PBXContainerItemProxy section */
		6675F2942068DDF600F8EA07 /* PBXContainerItemProxy */ = {
			isa = PBXContainerItemProxy;
			containerPortal = 6675F2772068DDF600F8EA07 /* Project object */;
			proxyType = 1;
			remoteGlobalIDString = 6675F27E2068DDF600F8EA07;
			remoteInfo = SimpleStateMachine;
		};
		6675F29F2068DDF600F8EA07 /* PBXContainerItemProxy */ = {
			isa = PBXContainerItemProxy;
			containerPortal = 6675F2772068DDF600F8EA07 /* Project object */;
			proxyType = 1;
			remoteGlobalIDString = 6675F27E2068DDF600F8EA07;
			remoteInfo = SimpleStateMachine;
		};
/* End PBXContainerItemProxy section */

/* Begin PBXFileReference section */
		6675F27F2068DDF600F8EA07 /* SimpleStateMachine.app */ = {isa = PBXFileReference; explicitFileType = wrapper.application; includeInIndex = 0; path = SimpleStateMachine.app; sourceTree = BUILT_PRODUCTS_DIR; };
		6675F2822068DDF600F8EA07 /* AppDelegate.swift */ = {isa = PBXFileReference; lastKnownFileType = sourcecode.swift; path = AppDelegate.swift; sourceTree = "<group>"; };
		6675F2842068DDF600F8EA07 /* ViewController.swift */ = {isa = PBXFileReference; lastKnownFileType = sourcecode.swift; path = ViewController.swift; sourceTree = "<group>"; };
		6675F2872068DDF600F8EA07 /* Base */ = {isa = PBXFileReference; lastKnownFileType = file.storyboard; name = Base; path = Base.lproj/Main.storyboard; sourceTree = "<group>"; };
		6675F2892068DDF600F8EA07 /* Assets.xcassets */ = {isa = PBXFileReference; lastKnownFileType = folder.assetcatalog; path = Assets.xcassets; sourceTree = "<group>"; };
		6675F28C2068DDF600F8EA07 /* Base */ = {isa = PBXFileReference; lastKnownFileType = file.storyboard; name = Base; path = Base.lproj/LaunchScreen.storyboard; sourceTree = "<group>"; };
		6675F28E2068DDF600F8EA07 /* Info.plist */ = {isa = PBXFileReference; lastKnownFileType = text.plist.xml; path = Info.plist; sourceTree = "<group>"; };
		6675F2932068DDF600F8EA07 /* SimpleStateMachineTests.xctest */ = {isa = PBXFileReference; explicitFileType = wrapper.cfbundle; includeInIndex = 0; path = SimpleStateMachineTests.xctest; sourceTree = BUILT_PRODUCTS_DIR; };
		6675F2972068DDF600F8EA07 /* SimpleStateMachineTests.swift */ = {isa = PBXFileReference; lastKnownFileType = sourcecode.swift; path = SimpleStateMachineTests.swift; sourceTree = "<group>"; };
		6675F2992068DDF600F8EA07 /* Info.plist */ = {isa = PBXFileReference; lastKnownFileType = text.plist.xml; path = Info.plist; sourceTree = "<group>"; };
		6675F29E2068DDF600F8EA07 /* SimpleStateMachineUITests.xctest */ = {isa = PBXFileReference; explicitFileType = wrapper.cfbundle; includeInIndex = 0; path = SimpleStateMachineUITests.xctest; sourceTree = BUILT_PRODUCTS_DIR; };
		6675F2A22068DDF600F8EA07 /* SimpleStateMachineUITests.swift */ = {isa = PBXFileReference; lastKnownFileType = sourcecode.swift; path = SimpleStateMachineUITests.swift; sourceTree = "<group>"; };
		6675F2A42068DDF600F8EA07 /* Info.plist */ = {isa = PBXFileReference; lastKnownFileType = text.plist.xml; path = Info.plist; sourceTree = "<group>"; };
/* End PBXFileReference section */

/* Begin PBXFrameworksBuildPhase section */
		6675F27C2068DDF600F8EA07 /* Frameworks */ = {
			isa = PBXFrameworksBuildPhase;
			buildActionMask = 2147483647;
			files = (
			);
			runOnlyForDeploymentPostprocessing = 0;
		};
		6675F2902068DDF600F8EA07 /* Frameworks */ = {
			isa = PBXFrameworksBuildPhase;
			buildActionMask = 2147483647;
			files = (
			);
			runOnlyForDeploymentPostprocessing = 0;
		};
		6675F29B2068DDF600F8EA07 /* Frameworks */ = {
			isa = PBXFrameworksBuildPhase;
			buildActionMask = 2147483647;
			files = (
			);
			runOnlyForDeploymentPostprocessing = 0;
		};
/* End PBXFrameworksBuildPhase section */

/* Begin PBXGroup section */
		6675F2762068DDF600F8EA07 = {
			isa = PBXGroup;
			children = (
				6675F2812068DDF600F8EA07 /* SimpleStateMachine */,
				6675F2962068DDF600F8EA07 /* SimpleStateMachineTests */,
				6675F2A12068DDF600F8EA07 /* SimpleStateMachineUITests */,
				6675F2802068DDF600F8EA07 /* Products */,
			);
			sourceTree = "<group>";
		};
		6675F2802068DDF600F8EA07 /* Products */ = {
			isa = PBXGroup;
			children = (
				6675F27F2068DDF600F8EA07 /* SimpleStateMachine.app */,
				6675F2932068DDF600F8EA07 /* SimpleStateMachineTests.xctest */,
				6675F29E2068DDF600F8EA07 /* SimpleStateMachineUITests.xctest */,
			);
			name = Products;
			sourceTree = "<group>";
		};
		6675F2812068DDF600F8EA07 /* SimpleStateMachine */ = {
			isa = PBXGroup;
			children = (
				6675F2822068DDF600F8EA07 /* AppDelegate.swift */,
				6675F2842068DDF600F8EA07 /* ViewController.swift */,
				6675F2862068DDF600F8EA07 /* Main.storyboard */,
				6675F2892068DDF600F8EA07 /* Assets.xcassets */,
				6675F28B2068DDF600F8EA07 /* LaunchScreen.storyboard */,
				6675F28E2068DDF600F8EA07 /* Info.plist */,
			);
			path = SimpleStateMachine;
			sourceTree = "<group>";
		};
		6675F2962068DDF600F8EA07 /* SimpleStateMachineTests */ = {
			isa = PBXGroup;
			children = (
				6675F2972068DDF600F8EA07 /* SimpleStateMachineTests.swift */,
				6675F2992068DDF600F8EA07 /* Info.plist */,
			);
			path = SimpleStateMachineTests;
			sourceTree = "<group>";
		};
		6675F2A12068DDF600F8EA07 /* SimpleStateMachineUITests */ = {
			isa = PBXGroup;
			children = (
				6675F2A22068DDF600F8EA07 /* SimpleStateMachineUITests.swift */,
				6675F2A42068DDF600F8EA07 /* Info.plist */,
			);
			path = SimpleStateMachineUITests;
			sourceTree = "<group>";
		};
/* End PBXGroup section */

/* Begin PBXNativeTarget section */
		6675F27E2068DDF600F8EA07 /* SimpleStateMachine */ = {
			isa = PBXNativeTarget;
			buildConfigurationList = 6675F2A72068DDF600F8EA07 /* Build configuration list for PBXNativeTarget "SimpleStateMachine" */;
			buildPhases = (
				6675F27B2068DDF600F8EA07 /* Sources */,
				6675F27C2068DDF600F8EA07 /* Frameworks */,
				6675F27D2068DDF600F8EA07 /* Resources */,
			);
			buildRules = (
			);
			dependencies = (
			);
			name = SimpleStateMachine;
			productName = SimpleStateMachine;
			productReference = 6675F27F2068DDF600F8EA07 /* SimpleStateMachine.app */;
			productType = "com.apple.product-type.application";
		};
		6675F2922068DDF600F8EA07 /* SimpleStateMachineTests */ = {
			isa = PBXNativeTarget;
			buildConfigurationList = 6675F2AA2068DDF600F8EA07 /* Build configuration list for PBXNativeTarget "SimpleStateMachineTests" */;
			buildPhases = (
				6675F28F2068DDF600F8EA07 /* Sources */,
				6675F2902068DDF600F8EA07 /* Frameworks */,
				6675F2912068DDF600F8EA07 /* Resources */,
			);
			buildRules = (
			);
			dependencies = (
				6675F2952068DDF600F8EA07 /* PBXTargetDependency */,
			);
			name = SimpleStateMachineTests;
			productName = SimpleStateMachineTests;
			productReference = 6675F2932068DDF600F8EA07 /* SimpleStateMachineTests.xctest */;
			productType = "com.apple.product-type.bundle.unit-test";
		};
		6675F29D2068DDF600F8EA07 /* SimpleStateMachineUITests */ = {
			isa = PBXNativeTarget;
			buildConfigurationList = 6675F2AD2068DDF600F8EA07 /* Build configuration list for PBXNativeTarget "SimpleStateMachineUITests" */;
			buildPhases = (
				6675F29A2068DDF600F8EA07 /* Sources */,
				6675F29B2068DDF600F8EA07 /* Frameworks */,
				6675F29C2068DDF600F8EA07 /* Resources */,
			);
			buildRules = (
			);
			dependencies = (
				6675F2A02068DDF600F8EA07 /* PBXTargetDependency */,
			);
			name = SimpleStateMachineUITests;
			productName = SimpleStateMachineUITests;
			productReference = 6675F29E2068DDF600F8EA07 /* SimpleStateMachineUITests.xctest */;
			productType = "com.apple.product-type.bundle.ui-testing";
		};
/* End PBXNativeTarget section */

/* Begin PBXProject section */
		6675F2772068DDF600F8EA07 /* Project object */ = {
			isa = PBXProject;
			attributes = {
				LastSwiftUpdateCheck = 0920;
				LastUpgradeCheck = 0920;
				ORGANIZATIONNAME = asusdev;
				TargetAttributes = {
					6675F27E2068DDF600F8EA07 = {
						CreatedOnToolsVersion = 9.2;
						ProvisioningStyle = Automatic;
					};
					6675F2922068DDF600F8EA07 = {
						CreatedOnToolsVersion = 9.2;
						ProvisioningStyle = Automatic;
						TestTargetID = 6675F27E2068DDF600F8EA07;
					};
					6675F29D2068DDF600F8EA07 = {
						CreatedOnToolsVersion = 9.2;
						ProvisioningStyle = Automatic;
						TestTargetID = 6675F27E2068DDF600F8EA07;
					};
				};
			};
			buildConfigurationList = 6675F27A2068DDF600F8EA07 /* Build configuration list for PBXProject "SimpleStateMachine" */;
			compatibilityVersion = "Xcode 8.0";
			developmentRegion = en;
			hasScannedForEncodings = 0;
			knownRegions = (
				en,
				Base,
			);
			mainGroup = 6675F2762068DDF600F8EA07;
			productRefGroup = 6675F2802068DDF600F8EA07 /* Products */;
			projectDirPath = "";
			projectRoot = "";
			targets = (
				6675F27E2068DDF600F8EA07 /* SimpleStateMachine */,
				6675F2922068DDF600F8EA07 /* SimpleStateMachineTests */,
				6675F29D2068DDF600F8EA07 /* SimpleStateMachineUITests */,
			);
		};
/* End PBXProject section */

/* Begin PBXResourcesBuildPhase section */
		6675F27D2068DDF600F8EA07 /* Resources */ = {
			isa = PBXResourcesBuildPhase;
			buildActionMask = 2147483647;
			files = (
				6675F28D2068DDF600F8EA07 /* LaunchScreen.storyboard in Resources */,
				6675F28A2068DDF600F8EA07 /* Assets.xcassets in Resources */,
				6675F2882068DDF600F8EA07 /* Main.storyboard in Resources */,
			);
			runOnlyForDeploymentPostprocessing = 0;
		};
		6675F2912068DDF600F8EA07 /* Resources */ = {
			isa = PBXResourcesBuildPhase;
			buildActionMask = 2147483647;
			files = (
			);
			runOnlyForDeploymentPostprocessing = 0;
		};
		6675F29C2068DDF600F8EA07 /* Resources */ = {
			isa = PBXResourcesBuildPhase;
			buildActionMask = 2147483647;
			files = (
			);
			runOnlyForDeploymentPostprocessing = 0;
		};
/* End PBXResourcesBuildPhase section */

/* Begin PBXSourcesBuildPhase section */
		6675F27B2068DDF600F8EA07 /* Sources */ = {
			isa = PBXSourcesBuildPhase;
			buildActionMask = 2147483647;
			files = (
				6675F2852068DDF600F8EA07 /* ViewController.swift in Sources */,
				6675F2832068DDF600F8EA07 /* AppDelegate.swift in Sources */,
			);
			runOnlyForDeploymentPostprocessing = 0;
		};
		6675F28F2068DDF600F8EA07 /* Sources */ = {
			isa = PBXSourcesBuildPhase;
			buildActionMask = 2147483647;
			files = (
				6675F2982068DDF600F8EA07 /* SimpleStateMachineTests.swift in Sources */,
			);
			runOnlyForDeploymentPostprocessing = 0;
		};
		6675F29A2068DDF600F8EA07 /* Sources */ = {
			isa = PBXSourcesBuildPhase;
			buildActionMask = 2147483647;
			files = (
				6675F2A32068DDF600F8EA07 /* SimpleStateMachineUITests.swift in Sources */,
			);
			runOnlyForDeploymentPostprocessing = 0;
		};
/* End PBXSourcesBuildPhase section */

/* Begin PBXTargetDependency section */
		6675F2952068DDF600F8EA07 /* PBXTargetDependency */ = {
			isa = PBXTargetDependency;
			target = 6675F27E2068DDF600F8EA07 /* SimpleStateMachine */;
			targetProxy = 6675F2942068DDF600F8EA07 /* PBXContainerItemProxy */;
		};
		6675F2A02068DDF600F8EA07 /* PBXTargetDependency */ = {
			isa = PBXTargetDependency;
			target = 6675F27E2068DDF600F8EA07 /* SimpleStateMachine */;
			targetProxy = 6675F29F2068DDF600F8EA07 /* PBXContainerItemProxy */;
		};
/* End PBXTargetDependency section */

/* Begin PBXVariantGroup section */
		6675F2862068DDF600F8EA07 /* Main.storyboard */ = {
			isa = PBXVariantGroup;
			children = (
				6675F2872068DDF600F8EA07 /* Base */,
			);
			name = Main.storyboard;
			sourceTree = "<group>";
		};
		6675F28B2068DDF600F8EA07 /* LaunchScreen.storyboard */ = {
			isa = PBXVariantGroup;
			children = (
				6675F28C2068DDF600F8EA07 /* Base */,
			);
			name = LaunchScreen.storyboard;
			sourceTree = "<group>";
		};
/* End PBXVariantGroup section */

/* Begin XCBuildConfiguration section */
		6675F2A52068DDF600F8EA07 /* Debug */ = {
			isa = XCBuildConfiguration;
			buildSettings = {
				ALWAYS_SEARCH_USER_PATHS = NO;
				CLANG_ANALYZER_NONNULL = YES;
				CLANG_ANALYZER_NUMBER_OBJECT_CONVERSION = YES_AGGRESSIVE;
				CLANG_CXX_LANGUAGE_STANDARD = "gnu++14";
				CLANG_CXX_LIBRARY = "libc++";
				CLANG_ENABLE_MODULES = YES;
				CLANG_ENABLE_OBJC_ARC = YES;
				CLANG_WARN_BLOCK_CAPTURE_AUTORELEASING = YES;
				CLANG_WARN_BOOL_CONVERSION = YES;
				CLANG_WARN_COMMA = YES;
				CLANG_WARN_CONSTANT_CONVERSION = YES;
				CLANG_WARN_DIRECT_OBJC_ISA_USAGE = YES_ERROR;
				CLANG_WARN_DOCUMENTATION_COMMENTS = YES;
				CLANG_WARN_EMPTY_BODY = YES;
				CLANG_WARN_ENUM_CONVERSION = YES;
				CLANG_WARN_INFINITE_RECURSION = YES;
				CLANG_WARN_INT_CONVERSION = YES;
				CLANG_WARN_NON_LITERAL_NULL_CONVERSION = YES;
				CLANG_WARN_OBJC_LITERAL_CONVERSION = YES;
				CLANG_WARN_OBJC_ROOT_CLASS = YES_ERROR;
				CLANG_WARN_RANGE_LOOP_ANALYSIS = YES;
				CLANG_WARN_STRICT_PROTOTYPES = YES;
				CLANG_WARN_SUSPICIOUS_MOVE = YES;
				CLANG_WARN_UNGUARDED_AVAILABILITY = YES_AGGRESSIVE;
				CLANG_WARN_UNREACHABLE_CODE = YES;
				CLANG_WARN__DUPLICATE_METHOD_MATCH = YES;
				CODE_SIGN_IDENTITY = "iPhone Developer";
				COPY_PHASE_STRIP = NO;
				DEBUG_INFORMATION_FORMAT = dwarf;
				ENABLE_STRICT_OBJC_MSGSEND = YES;
				ENABLE_TESTABILITY = YES;
				GCC_C_LANGUAGE_STANDARD = gnu11;
				GCC_DYNAMIC_NO_PIC = NO;
				GCC_NO_COMMON_BLOCKS = YES;
				GCC_OPTIMIZATION_LEVEL = 0;
				GCC_PREPROCESSOR_DEFINITIONS = (
					"DEBUG=1",
					"$(inherited)",
				);
				GCC_WARN_64_TO_32_BIT_CONVERSION = YES;
				GCC_WARN_ABOUT_RETURN_TYPE = YES_ERROR;
				GCC_WARN_UNDECLARED_SELECTOR = YES;
				GCC_WARN_UNINITIALIZED_AUTOS = YES_AGGRESSIVE;
				GCC_WARN_UNUSED_FUNCTION = YES;
				GCC_WARN_UNUSED_VARIABLE = YES;
				IPHONEOS_DEPLOYMENT_TARGET = 11.2;
				MTL_ENABLE_DEBUG_INFO = YES;
				ONLY_ACTIVE_ARCH = YES;
				SDKROOT = iphoneos;
				SWIFT_ACTIVE_COMPILATION_CONDITIONS = DEBUG;
				SWIFT_OPTIMIZATION_LEVEL = "-Onone";
			};
			name = Debug;
		};
		6675F2A62068DDF600F8EA07 /* Release */ = {
			isa = XCBuildConfiguration;
			buildSettings = {
				ALWAYS_SEARCH_USER_PATHS = NO;
				CLANG_ANALYZER_NONNULL = YES;
				CLANG_ANALYZER_NUMBER_OBJECT_CONVERSION = YES_AGGRESSIVE;
				CLANG_CXX_LANGUAGE_STANDARD = "gnu++14";
				CLANG_CXX_LIBRARY = "libc++";
				CLANG_ENABLE_MODULES = YES;
				CLANG_ENABLE_OBJC_ARC = YES;
				CLANG_WARN_BLOCK_CAPTURE_AUTORELEASING = YES;
				CLANG_WARN_BOOL_CONVERSION = YES;
				CLANG_WARN_COMMA = YES;
				CLANG_WARN_CONSTANT_CONVERSION = YES;
				CLANG_WARN_DIRECT_OBJC_ISA_USAGE = YES_ERROR;
				CLANG_WARN_DOCUMENTATION_COMMENTS = YES;
				CLANG_WARN_EMPTY_BODY = YES;
				CLANG_WARN_ENUM_CONVERSION = YES;
				CLANG_WARN_INFINITE_RECURSION = YES;
				CLANG_WARN_INT_CONVERSION = YES;
				CLANG_WARN_NON_LITERAL_NULL_CONVERSION = YES;
				CLANG_WARN_OBJC_LITERAL_CONVERSION = YES;
				CLANG_WARN_OBJC_ROOT_CLASS = YES_ERROR;
				CLANG_WARN_RANGE_LOOP_ANALYSIS = YES;
				CLANG_WARN_STRICT_PROTOTYPES = YES;
				CLANG_WARN_SUSPICIOUS_MOVE = YES;
				CLANG_WARN_UNGUARDED_AVAILABILITY = YES_AGGRESSIVE;
				CLANG_WARN_UNREACHABLE_CODE = YES;
				CLANG_WARN__DUPLICATE_METHOD_MATCH = YES;
				CODE_SIGN_IDENTITY = "iPhone Developer";
				COPY_PHASE_STRIP = NO;
				DEBUG_INFORMATION_FORMAT = "dwarf-with-dsym";
				ENABLE_NS_ASSERTIONS = NO;
				ENABLE_STRICT_OBJC_MSGSEND = YES;
				GCC_C_LANGUAGE_STANDARD = gnu11;
				GCC_NO_COMMON_BLOCKS = YES;
				GCC_WARN_64_TO_32_BIT_CONVERSION = YES;
				GCC_WARN_ABOUT_RETURN_TYPE = YES_ERROR;
				GCC_WARN_UNDECLARED_SELECTOR = YES;
				GCC_WARN_UNINITIALIZED_AUTOS = YES_AGGRESSIVE;
				GCC_WARN_UNUSED_FUNCTION = YES;
				GCC_WARN_UNUSED_VARIABLE = YES;
				IPHONEOS_DEPLOYMENT_TARGET = 11.2;
				MTL_ENABLE_DEBUG_INFO = NO;
				SDKROOT = iphoneos;
				SWIFT_OPTIMIZATION_LEVEL = "-Owholemodule";
				VALIDATE_PRODUCT = YES;
			};
			name = Release;
		};
		6675F2A82068DDF600F8EA07 /* Debug */ = {
			isa = XCBuildConfiguration;
			buildSettings = {
				ASSETCATALOG_COMPILER_APPICON_NAME = AppIcon;
				CODE_SIGN_STYLE = Automatic;
				DEVELOPMENT_TEAM = CD3MQCLYD4;
				INFOPLIST_FILE = SimpleStateMachine/Info.plist;
				LD_RUNPATH_SEARCH_PATHS = "$(inherited) @executable_path/Frameworks";
				PRODUCT_BUNDLE_IDENTIFIER = asus.SimpleStateMachine;
				PRODUCT_NAME = "$(TARGET_NAME)";
				SWIFT_VERSION = 4.0;
				TARGETED_DEVICE_FAMILY = "1,2";
			};
			name = Debug;
		};
		6675F2A92068DDF600F8EA07 /* Release */ = {
			isa = XCBuildConfiguration;
			buildSettings = {
				ASSETCATALOG_COMPILER_APPICON_NAME = AppIcon;
				CODE_SIGN_STYLE = Automatic;
				DEVELOPMENT_TEAM = CD3MQCLYD4;
				INFOPLIST_FILE = SimpleStateMachine/Info.plist;
				LD_RUNPATH_SEARCH_PATHS = "$(inherited) @executable_path/Frameworks";
				PRODUCT_BUNDLE_IDENTIFIER = asus.SimpleStateMachine;
				PRODUCT_NAME = "$(TARGET_NAME)";
				SWIFT_VERSION = 4.0;
				TARGETED_DEVICE_FAMILY = "1,2";
			};
			name = Release;
		};
		6675F2AB2068DDF600F8EA07 /* Debug */ = {
			isa = XCBuildConfiguration;
			buildSettings = {
				ALWAYS_EMBED_SWIFT_STANDARD_LIBRARIES = YES;
				BUNDLE_LOADER = "$(TEST_HOST)";
				CODE_SIGN_STYLE = Automatic;
				DEVELOPMENT_TEAM = CD3MQCLYD4;
				INFOPLIST_FILE = SimpleStateMachineTests/Info.plist;
				LD_RUNPATH_SEARCH_PATHS = "$(inherited) @executable_path/Frameworks @loader_path/Frameworks";
				PRODUCT_BUNDLE_IDENTIFIER = asus.SimpleStateMachineTests;
				PRODUCT_NAME = "$(TARGET_NAME)";
				SWIFT_VERSION = 4.0;
				TARGETED_DEVICE_FAMILY = "1,2";
				TEST_HOST = "$(BUILT_PRODUCTS_DIR)/SimpleStateMachine.app/SimpleStateMachine";
			};
			name = Debug;
		};
		6675F2AC2068DDF600F8EA07 /* Release */ = {
			isa = XCBuildConfiguration;
			buildSettings = {
				ALWAYS_EMBED_SWIFT_STANDARD_LIBRARIES = YES;
				BUNDLE_LOADER = "$(TEST_HOST)";
				CODE_SIGN_STYLE = Automatic;
				DEVELOPMENT_TEAM = CD3MQCLYD4;
				INFOPLIST_FILE = SimpleStateMachineTests/Info.plist;
				LD_RUNPATH_SEARCH_PATHS = "$(inherited) @executable_path/Frameworks @loader_path/Frameworks";
				PRODUCT_BUNDLE_IDENTIFIER = asus.SimpleStateMachineTests;
				PRODUCT_NAME = "$(TARGET_NAME)";
				SWIFT_VERSION = 4.0;
				TARGETED_DEVICE_FAMILY = "1,2";
				TEST_HOST = "$(BUILT_PRODUCTS_DIR)/SimpleStateMachine.app/SimpleStateMachine";
			};
			name = Release;
		};
		6675F2AE2068DDF600F8EA07 /* Debug */ = {
			isa = XCBuildConfiguration;
			buildSettings = {
				ALWAYS_EMBED_SWIFT_STANDARD_LIBRARIES = YES;
				CODE_SIGN_STYLE = Automatic;
				DEVELOPMENT_TEAM = CD3MQCLYD4;
				INFOPLIST_FILE = SimpleStateMachineUITests/Info.plist;
				LD_RUNPATH_SEARCH_PATHS = "$(inherited) @executable_path/Frameworks @loader_path/Frameworks";
				PRODUCT_BUNDLE_IDENTIFIER = asus.SimpleStateMachineUITests;
				PRODUCT_NAME = "$(TARGET_NAME)";
				SWIFT_VERSION = 4.0;
				TARGETED_DEVICE_FAMILY = "1,2";
				TEST_TARGET_NAME = SimpleStateMachine;
			};
			name = Debug;
		};
		6675F2AF2068DDF600F8EA07 /* Release */ = {
			isa = XCBuildConfiguration;
			buildSettings = {
				ALWAYS_EMBED_SWIFT_STANDARD_LIBRARIES = YES;
				CODE_SIGN_STYLE = Automatic;
				DEVELOPMENT_TEAM = CD3MQCLYD4;
				INFOPLIST_FILE = SimpleStateMachineUITests/Info.plist;
				LD_RUNPATH_SEARCH_PATHS = "$(inherited) @executable_path/Frameworks @loader_path/Frameworks";
				PRODUCT_BUNDLE_IDENTIFIER = asus.SimpleStateMachineUITests;
				PRODUCT_NAME = "$(TARGET_NAME)";
				SWIFT_VERSION = 4.0;
				TARGETED_DEVICE_FAMILY = "1,2";
				TEST_TARGET_NAME = SimpleStateMachine;
			};
			name = Release;
		};
/* End XCBuildConfiguration section */

/* Begin XCConfigurationList section */
		6675F27A2068DDF600F8EA07 /* Build configuration list for PBXProject "SimpleStateMachine" */ = {
			isa = XCConfigurationList;
			buildConfigurations = (
				6675F2A52068DDF600F8EA07 /* Debug */,
				6675F2A62068DDF600F8EA07 /* Release */,
			);
			defaultConfigurationIsVisible = 0;
			defaultConfigurationName = Release;
		};
		6675F2A72068DDF600F8EA07 /* Build configuration list for PBXNativeTarget "SimpleStateMachine" */ = {
			isa = XCConfigurationList;
			buildConfigurations = (
				6675F2A82068DDF600F8EA07 /* Debug */,
				6675F2A92068DDF600F8EA07 /* Release */,
			);
			defaultConfigurationIsVisible = 0;
			defaultConfigurationName = Release;
		};
		6675F2AA2068DDF600F8EA07 /* Build configuration list for PBXNativeTarget "SimpleStateMachineTests" */ = {
			isa = XCConfigurationList;
			buildConfigurations = (
				6675F2AB2068DDF600F8EA07 /* Debug */,
				6675F2AC2068DDF600F8EA07 /* Release */,
			);
			defaultConfigurationIsVisible = 0;
			defaultConfigurationName = Release;
		};
		6675F2AD2068DDF600F8EA07 /* Build configuration list for PBXNativeTarget "SimpleStateMachineUITests" */ = {
			isa = XCConfigurationList;
			buildConfigurations = (
				6675F2AE2068DDF600F8EA07 /* Debug */,
				6675F2AF2068DDF600F8EA07 /* Release */,
			);
			defaultConfigurationIsVisible = 0;
			defaultConfigurationName = Release;
		};
/* End XCConfigurationList section */
	};
	rootObject = 6675F2772068DDF600F8EA07 /* Project object */;
}
